
Microsoft Visual Studio Solution File, Format Version 12.00
# Visual Studio 15
VisualStudioVersion = 15.0.27130.2036
MinimumVisualStudioVersion = 10.0.40219.1
Project("{FAE04EC0-301F-11D3-BF4B-00C04F79EFBC}") = "Guartinel.Website.User", "Guartinel.Website.User\Guartinel.Website.User.csproj", "{3FA72EA1-F60F-49CB-8473-B612521F973E}"
EndProject
Project("{FAE04EC0-301F-11D3-BF4B-00C04F79EFBC}") = "Guartinel.Website.Common", "Guartinel.Website.Common\Guartinel.Website.Common.csproj", "{AD2B56F3-4EE8-4FA3-A69C-8BDB1511400D}"
EndProject
Project("{FAE04EC0-301F-11D3-BF4B-00C04F79EFBC}") = "Guartinel.Website.Admin.Tests", "Guartinel.Website.Admin.Tests\Guartinel.Website.Admin.Tests.csproj", "{907DFE56-1DF4-46CA-A5D0-4BD1C559E0E4}"
EndProject
Project("{FAE04EC0-301F-11D3-BF4B-00C04F79EFBC}") = "Guartinel.Website.User.Tests", "Guartinel.Website.User.Tests\Guartinel.Website.User.Tests.csproj", "{B2F056B2-A682-4DCE-B589-03B4DB3A553C}"
EndProject
Project("{FAE04EC0-301F-11D3-BF4B-00C04F79EFBC}") = "Guartinel.WatcherServer", "Guartinel.WatcherServer\Guartinel.WatcherServer.csproj", "{FBFA14D0-B442-4ACA-9269-F89782A954B5}"
EndProject
Project("{FAE04EC0-301F-11D3-BF4B-00C04F79EFBC}") = "Guartinel.ManagementServer.APITests", "Guartinel.ManagementServer.APITests\Guartinel.ManagementServer.APITests.csproj", "{849E1A12-74EA-47EE-BAD6-7A41D2F6B4E4}"
EndProject
Project("{9A19103F-16F7-4668-BE54-9A1E7A4F7556}") = "Guartinel.CLI", "Guartinel.CLI\Guartinel.CLI.csproj", "{D97A6895-810D-4F60-81E0-215C5438DB77}"
EndProject
Project("{9A19103F-16F7-4668-BE54-9A1E7A4F7556}") = "Guartinel.CLI.Tests", "Guartinel.CLI.Tests\Guartinel.CLI.Tests.csproj", "{D8CA242E-5539-4466-9473-326800B93DB2}"
EndProject
Project("{9A19103F-16F7-4668-BE54-9A1E7A4F7556}") = "Guartinel.Kernel", "Guartinel.Kernel\Guartinel.Kernel.csproj", "{3194FF1E-65CF-4C80-BE3A-7796E2D539FE}"
EndProject
Project("{9A19103F-16F7-4668-BE54-9A1E7A4F7556}") = "Guartinel.Kernel.Network", "Guartinel.Kernel.Network\Guartinel.Kernel.Network.csproj", "{B7BC9474-C25E-4113-A96F-77A635CF5BF0}"
EndProject
Project("{9A19103F-16F7-4668-BE54-9A1E7A4F7556}") = "Guartinel.Kernel.Tests", "Guartinel.Kernel.Tests\Guartinel.Kernel.Tests.csproj", "{9DC9DECE-FBB8-4081-B92A-1C8A7B6371F0}"
EndProject
Project("{8BC9CEB8-8B4A-11D0-8D11-00A0C91BC942}") = "Guartinel.Hardware", "Guartinel.Hardware\Guartinel.Hardware.vcxproj", "{C5F80730-F44F-4478-BDAE-6634EFC2CA88}"
EndProject
Project("{FAE04EC0-301F-11D3-BF4B-00C04F79EFBC}") = "Guartinel.WatcherServer.Tests", "Guartinel.WatcherServer.Tests\Guartinel.WatcherServer.Tests.csproj", "{4BD0A5B3-5138-4F87-9248-FA3F9E6AC3E1}"
EndProject
Project("{9092AA53-FB77-4645-B42D-1CCCA6BD08BD}") = "Guartinel.ManagementServer", "Guartinel.ManagementServer\Guartinel.ManagementServer.njsproj", "{1DF72FFD-E9A0-4EF9-A700-EC7A6CCD0176}"
EndProject
Project("{FAE04EC0-301F-11D3-BF4B-00C04F79EFBC}") = "Guartinel.Communication", "Guartinel.Communication\Guartinel.Communication.csproj", "{2ADEDA9F-809A-41AB-ABB0-F03F908687D9}"
EndProject
Project("{9A19103F-16F7-4668-BE54-9A1E7A4F7556}") = "Guartinel.Service.WebsiteChecker", "Guartinel.Service.WebsiteChecker\Guartinel.Service.WebsiteChecker.csproj", "{01C6218E-A28F-47DD-BD72-6BE297BBB381}"
EndProject
Project("{9A19103F-16F7-4668-BE54-9A1E7A4F7556}") = "Guartinel.Service.Tests", "Guartinel.Service.Tests\Guartinel.Service.Tests.csproj", "{3B041D87-8D29-4C46-90E4-1C3730DDB487}"
EndProject
Project("{9A19103F-16F7-4668-BE54-9A1E7A4F7556}") = "Guartinel.Service", "Guartinel.Service\Guartinel.Service.csproj", "{DCE7D8B3-C69E-4273-A71B-2D4E917E63C5}"
EndProject
Project("{9A19103F-16F7-4668-BE54-9A1E7A4F7556}") = "Guartinel.Service.Configuration", "Guartinel.Service.Configuration\Guartinel.Service.Configuration.csproj", "{15E05592-D22A-4724-A86F-E613B266D1DA}"
EndProject
Project("{9A19103F-16F7-4668-BE54-9A1E7A4F7556}") = "Guartinel.Service.Configuration.Test", "Guartinel.Service.Configuration.Test\Guartinel.Service.Configuration.Test.csproj", "{6004D95E-EBB8-41D4-9706-08F94689F3E8}"
EndProject
Project("{FAE04EC0-301F-11D3-BF4B-00C04F79EFBC}") = "Guartinel.Website.Admin", "Guartinel.Website.Admin\Guartinel.Website.Admin.csproj", "{796C30F2-9977-4862-BCF7-B1A1E9A7F8B9}"
EndProject
Project("{FAE04EC0-301F-11D3-BF4B-00C04F79EFBC}") = "Test", "Test\Test.csproj", "{A35F3D19-46F7-4E79-8E9A-6F49E7EE7F04}"
EndProject
Global
	GlobalSection(SolutionConfigurationPlatforms) = preSolution
		Debug|Any CPU = Debug|Any CPU
		Debug|x86 = Debug|x86
		ExcludeUI|Any CPU = ExcludeUI|Any CPU
		ExcludeUI|x86 = ExcludeUI|x86
		Release|Any CPU = Release|Any CPU
		Release|x86 = Release|x86
	EndGlobalSection
	GlobalSection(ProjectConfigurationPlatforms) = postSolution
		{3FA72EA1-F60F-49CB-8473-B612521F973E}.Debug|Any CPU.ActiveCfg = Debug|Any CPU
		{3FA72EA1-F60F-49CB-8473-B612521F973E}.Debug|Any CPU.Build.0 = Debug|Any CPU
		{3FA72EA1-F60F-49CB-8473-B612521F973E}.Debug|x86.ActiveCfg = Debug|Any CPU
		{3FA72EA1-F60F-49CB-8473-B612521F973E}.Debug|x86.Build.0 = Debug|Any CPU
		{3FA72EA1-F60F-49CB-8473-B612521F973E}.ExcludeUI|Any CPU.ActiveCfg = Release|Any CPU
		{3FA72EA1-F60F-49CB-8473-B612521F973E}.ExcludeUI|Any CPU.Build.0 = Release|Any CPU
		{3FA72EA1-F60F-49CB-8473-B612521F973E}.ExcludeUI|x86.ActiveCfg = Release|Any CPU
		{3FA72EA1-F60F-49CB-8473-B612521F973E}.ExcludeUI|x86.Build.0 = Release|Any CPU
		{3FA72EA1-F60F-49CB-8473-B612521F973E}.Release|Any CPU.ActiveCfg = Release|Any CPU
		{3FA72EA1-F60F-49CB-8473-B612521F973E}.Release|Any CPU.Build.0 = Release|Any CPU
		{3FA72EA1-F60F-49CB-8473-B612521F973E}.Release|x86.ActiveCfg = Release|Any CPU
		{3FA72EA1-F60F-49CB-8473-B612521F973E}.Release|x86.Build.0 = Release|Any CPU
		{AD2B56F3-4EE8-4FA3-A69C-8BDB1511400D}.Debug|Any CPU.ActiveCfg = Debug|Any CPU
		{AD2B56F3-4EE8-4FA3-A69C-8BDB1511400D}.Debug|Any CPU.Build.0 = Debug|Any CPU
		{AD2B56F3-4EE8-4FA3-A69C-8BDB1511400D}.Debug|x86.ActiveCfg = Debug|Any CPU
		{AD2B56F3-4EE8-4FA3-A69C-8BDB1511400D}.Debug|x86.Build.0 = Debug|Any CPU
		{AD2B56F3-4EE8-4FA3-A69C-8BDB1511400D}.ExcludeUI|Any CPU.ActiveCfg = Release|Any CPU
		{AD2B56F3-4EE8-4FA3-A69C-8BDB1511400D}.ExcludeUI|Any CPU.Build.0 = Release|Any CPU
		{AD2B56F3-4EE8-4FA3-A69C-8BDB1511400D}.ExcludeUI|x86.ActiveCfg = Release|Any CPU
		{AD2B56F3-4EE8-4FA3-A69C-8BDB1511400D}.ExcludeUI|x86.Build.0 = Release|Any CPU
		{AD2B56F3-4EE8-4FA3-A69C-8BDB1511400D}.Release|Any CPU.ActiveCfg = Release|Any CPU
		{AD2B56F3-4EE8-4FA3-A69C-8BDB1511400D}.Release|Any CPU.Build.0 = Release|Any CPU
		{AD2B56F3-4EE8-4FA3-A69C-8BDB1511400D}.Release|x86.ActiveCfg = Release|Any CPU
		{AD2B56F3-4EE8-4FA3-A69C-8BDB1511400D}.Release|x86.Build.0 = Release|Any CPU
		{907DFE56-1DF4-46CA-A5D0-4BD1C559E0E4}.Debug|Any CPU.ActiveCfg = Debug|Any CPU
		{907DFE56-1DF4-46CA-A5D0-4BD1C559E0E4}.Debug|Any CPU.Build.0 = Debug|Any CPU
		{907DFE56-1DF4-46CA-A5D0-4BD1C559E0E4}.Debug|x86.ActiveCfg = Debug|Any CPU
		{907DFE56-1DF4-46CA-A5D0-4BD1C559E0E4}.Debug|x86.Build.0 = Debug|Any CPU
		{907DFE56-1DF4-46CA-A5D0-4BD1C559E0E4}.ExcludeUI|Any CPU.ActiveCfg = Release|Any CPU
		{907DFE56-1DF4-46CA-A5D0-4BD1C559E0E4}.ExcludeUI|Any CPU.Build.0 = Release|Any CPU
		{907DFE56-1DF4-46CA-A5D0-4BD1C559E0E4}.ExcludeUI|x86.ActiveCfg = Release|Any CPU
		{907DFE56-1DF4-46CA-A5D0-4BD1C559E0E4}.ExcludeUI|x86.Build.0 = Release|Any CPU
		{907DFE56-1DF4-46CA-A5D0-4BD1C559E0E4}.Release|Any CPU.ActiveCfg = Release|Any CPU
		{907DFE56-1DF4-46CA-A5D0-4BD1C559E0E4}.Release|Any CPU.Build.0 = Release|Any CPU
		{907DFE56-1DF4-46CA-A5D0-4BD1C559E0E4}.Release|x86.ActiveCfg = Release|Any CPU
		{907DFE56-1DF4-46CA-A5D0-4BD1C559E0E4}.Release|x86.Build.0 = Release|Any CPU
		{B2F056B2-A682-4DCE-B589-03B4DB3A553C}.Debug|Any CPU.ActiveCfg = Debug|Any CPU
		{B2F056B2-A682-4DCE-B589-03B4DB3A553C}.Debug|Any CPU.Build.0 = Debug|Any CPU
		{B2F056B2-A682-4DCE-B589-03B4DB3A553C}.Debug|x86.ActiveCfg = Debug|Any CPU
		{B2F056B2-A682-4DCE-B589-03B4DB3A553C}.Debug|x86.Build.0 = Debug|Any CPU
		{B2F056B2-A682-4DCE-B589-03B4DB3A553C}.ExcludeUI|Any CPU.ActiveCfg = Release|Any CPU
		{B2F056B2-A682-4DCE-B589-03B4DB3A553C}.ExcludeUI|Any CPU.Build.0 = Release|Any CPU
		{B2F056B2-A682-4DCE-B589-03B4DB3A553C}.ExcludeUI|x86.ActiveCfg = Release|Any CPU
		{B2F056B2-A682-4DCE-B589-03B4DB3A553C}.ExcludeUI|x86.Build.0 = Release|Any CPU
		{B2F056B2-A682-4DCE-B589-03B4DB3A553C}.Release|Any CPU.ActiveCfg = Release|Any CPU
		{B2F056B2-A682-4DCE-B589-03B4DB3A553C}.Release|Any CPU.Build.0 = Release|Any CPU
		{B2F056B2-A682-4DCE-B589-03B4DB3A553C}.Release|x86.ActiveCfg = Release|Any CPU
		{B2F056B2-A682-4DCE-B589-03B4DB3A553C}.Release|x86.Build.0 = Release|Any CPU
		{FBFA14D0-B442-4ACA-9269-F89782A954B5}.Debug|Any CPU.ActiveCfg = Debug|Any CPU
		{FBFA14D0-B442-4ACA-9269-F89782A954B5}.Debug|Any CPU.Build.0 = Debug|Any CPU
		{FBFA14D0-B442-4ACA-9269-F89782A954B5}.Debug|x86.ActiveCfg = Debug|Any CPU
		{FBFA14D0-B442-4ACA-9269-F89782A954B5}.Debug|x86.Build.0 = Debug|Any CPU
		{FBFA14D0-B442-4ACA-9269-F89782A954B5}.ExcludeUI|Any CPU.ActiveCfg = Release|Any CPU
		{FBFA14D0-B442-4ACA-9269-F89782A954B5}.ExcludeUI|Any CPU.Build.0 = Release|Any CPU
		{FBFA14D0-B442-4ACA-9269-F89782A954B5}.ExcludeUI|x86.ActiveCfg = Release|Any CPU
		{FBFA14D0-B442-4ACA-9269-F89782A954B5}.ExcludeUI|x86.Build.0 = Release|Any CPU
		{FBFA14D0-B442-4ACA-9269-F89782A954B5}.Release|Any CPU.ActiveCfg = Release|Any CPU
		{FBFA14D0-B442-4ACA-9269-F89782A954B5}.Release|Any CPU.Build.0 = Release|Any CPU
		{FBFA14D0-B442-4ACA-9269-F89782A954B5}.Release|x86.ActiveCfg = Release|Any CPU
		{FBFA14D0-B442-4ACA-9269-F89782A954B5}.Release|x86.Build.0 = Release|Any CPU
		{849E1A12-74EA-47EE-BAD6-7A41D2F6B4E4}.Debug|Any CPU.ActiveCfg = Debug|Any CPU
		{849E1A12-74EA-47EE-BAD6-7A41D2F6B4E4}.Debug|Any CPU.Build.0 = Debug|Any CPU
		{849E1A12-74EA-47EE-BAD6-7A41D2F6B4E4}.Debug|x86.ActiveCfg = Debug|Any CPU
		{849E1A12-74EA-47EE-BAD6-7A41D2F6B4E4}.Debug|x86.Build.0 = Debug|Any CPU
		{849E1A12-74EA-47EE-BAD6-7A41D2F6B4E4}.ExcludeUI|Any CPU.ActiveCfg = Release|Any CPU
		{849E1A12-74EA-47EE-BAD6-7A41D2F6B4E4}.ExcludeUI|Any CPU.Build.0 = Release|Any CPU
		{849E1A12-74EA-47EE-BAD6-7A41D2F6B4E4}.ExcludeUI|x86.ActiveCfg = Release|Any CPU
		{849E1A12-74EA-47EE-BAD6-7A41D2F6B4E4}.ExcludeUI|x86.Build.0 = Release|Any CPU
		{849E1A12-74EA-47EE-BAD6-7A41D2F6B4E4}.Release|Any CPU.ActiveCfg = Release|Any CPU
		{849E1A12-74EA-47EE-BAD6-7A41D2F6B4E4}.Release|Any CPU.Build.0 = Release|Any CPU
		{849E1A12-74EA-47EE-BAD6-7A41D2F6B4E4}.Release|x86.ActiveCfg = Release|Any CPU
		{849E1A12-74EA-47EE-BAD6-7A41D2F6B4E4}.Release|x86.Build.0 = Release|Any CPU
		{D97A6895-810D-4F60-81E0-215C5438DB77}.Debug|Any CPU.ActiveCfg = Debug|Any CPU
		{D97A6895-810D-4F60-81E0-215C5438DB77}.Debug|Any CPU.Build.0 = Debug|Any CPU
		{D97A6895-810D-4F60-81E0-215C5438DB77}.Debug|x86.ActiveCfg = Debug|Any CPU
		{D97A6895-810D-4F60-81E0-215C5438DB77}.Debug|x86.Build.0 = Debug|Any CPU
		{D97A6895-810D-4F60-81E0-215C5438DB77}.ExcludeUI|Any CPU.ActiveCfg = Debug|Any CPU
		{D97A6895-810D-4F60-81E0-215C5438DB77}.ExcludeUI|Any CPU.Build.0 = Debug|Any CPU
		{D97A6895-810D-4F60-81E0-215C5438DB77}.ExcludeUI|x86.ActiveCfg = Release|Any CPU
		{D97A6895-810D-4F60-81E0-215C5438DB77}.ExcludeUI|x86.Build.0 = Release|Any CPU
		{D97A6895-810D-4F60-81E0-215C5438DB77}.Release|Any CPU.ActiveCfg = Release|Any CPU
		{D97A6895-810D-4F60-81E0-215C5438DB77}.Release|Any CPU.Build.0 = Release|Any CPU
		{D97A6895-810D-4F60-81E0-215C5438DB77}.Release|x86.ActiveCfg = Release|Any CPU
		{D97A6895-810D-4F60-81E0-215C5438DB77}.Release|x86.Build.0 = Release|Any CPU
		{D8CA242E-5539-4466-9473-326800B93DB2}.Debug|Any CPU.ActiveCfg = Debug|Any CPU
		{D8CA242E-5539-4466-9473-326800B93DB2}.Debug|Any CPU.Build.0 = Debug|Any CPU
		{D8CA242E-5539-4466-9473-326800B93DB2}.Debug|x86.ActiveCfg = Debug|Any CPU
		{D8CA242E-5539-4466-9473-326800B93DB2}.Debug|x86.Build.0 = Debug|Any CPU
		{D8CA242E-5539-4466-9473-326800B93DB2}.ExcludeUI|Any CPU.ActiveCfg = Debug|Any CPU
		{D8CA242E-5539-4466-9473-326800B93DB2}.ExcludeUI|Any CPU.Build.0 = Debug|Any CPU
		{D8CA242E-5539-4466-9473-326800B93DB2}.ExcludeUI|x86.ActiveCfg = Release|Any CPU
		{D8CA242E-5539-4466-9473-326800B93DB2}.ExcludeUI|x86.Build.0 = Release|Any CPU
		{D8CA242E-5539-4466-9473-326800B93DB2}.Release|Any CPU.ActiveCfg = Release|Any CPU
		{D8CA242E-5539-4466-9473-326800B93DB2}.Release|Any CPU.Build.0 = Release|Any CPU
		{D8CA242E-5539-4466-9473-326800B93DB2}.Release|x86.ActiveCfg = Release|Any CPU
		{D8CA242E-5539-4466-9473-326800B93DB2}.Release|x86.Build.0 = Release|Any CPU
		{3194FF1E-65CF-4C80-BE3A-7796E2D539FE}.Debug|Any CPU.ActiveCfg = Debug|Any CPU
		{3194FF1E-65CF-4C80-BE3A-7796E2D539FE}.Debug|Any CPU.Build.0 = Debug|Any CPU
		{3194FF1E-65CF-4C80-BE3A-7796E2D539FE}.Debug|x86.ActiveCfg = Debug|Any CPU
		{3194FF1E-65CF-4C80-BE3A-7796E2D539FE}.Debug|x86.Build.0 = Debug|Any CPU
		{3194FF1E-65CF-4C80-BE3A-7796E2D539FE}.ExcludeUI|Any CPU.ActiveCfg = Debug|Any CPU
		{3194FF1E-65CF-4C80-BE3A-7796E2D539FE}.ExcludeUI|Any CPU.Build.0 = Debug|Any CPU
		{3194FF1E-65CF-4C80-BE3A-7796E2D539FE}.ExcludeUI|x86.ActiveCfg = Release|Any CPU
		{3194FF1E-65CF-4C80-BE3A-7796E2D539FE}.ExcludeUI|x86.Build.0 = Release|Any CPU
		{3194FF1E-65CF-4C80-BE3A-7796E2D539FE}.Release|Any CPU.ActiveCfg = Release|Any CPU
		{3194FF1E-65CF-4C80-BE3A-7796E2D539FE}.Release|Any CPU.Build.0 = Release|Any CPU
		{3194FF1E-65CF-4C80-BE3A-7796E2D539FE}.Release|x86.ActiveCfg = Release|Any CPU
		{3194FF1E-65CF-4C80-BE3A-7796E2D539FE}.Release|x86.Build.0 = Release|Any CPU
		{B7BC9474-C25E-4113-A96F-77A635CF5BF0}.Debug|Any CPU.ActiveCfg = Debug|Any CPU
		{B7BC9474-C25E-4113-A96F-77A635CF5BF0}.Debug|Any CPU.Build.0 = Debug|Any CPU
		{B7BC9474-C25E-4113-A96F-77A635CF5BF0}.Debug|x86.ActiveCfg = Debug|Any CPU
		{B7BC9474-C25E-4113-A96F-77A635CF5BF0}.Debug|x86.Build.0 = Debug|Any CPU
		{B7BC9474-C25E-4113-A96F-77A635CF5BF0}.ExcludeUI|Any CPU.ActiveCfg = Debug|Any CPU
		{B7BC9474-C25E-4113-A96F-77A635CF5BF0}.ExcludeUI|Any CPU.Build.0 = Debug|Any CPU
		{B7BC9474-C25E-4113-A96F-77A635CF5BF0}.ExcludeUI|x86.ActiveCfg = Release|Any CPU
		{B7BC9474-C25E-4113-A96F-77A635CF5BF0}.ExcludeUI|x86.Build.0 = Release|Any CPU
		{B7BC9474-C25E-4113-A96F-77A635CF5BF0}.Release|Any CPU.ActiveCfg = Release|Any CPU
		{B7BC9474-C25E-4113-A96F-77A635CF5BF0}.Release|Any CPU.Build.0 = Release|Any CPU
		{B7BC9474-C25E-4113-A96F-77A635CF5BF0}.Release|x86.ActiveCfg = Release|Any CPU
		{B7BC9474-C25E-4113-A96F-77A635CF5BF0}.Release|x86.Build.0 = Release|Any CPU
		{9DC9DECE-FBB8-4081-B92A-1C8A7B6371F0}.Debug|Any CPU.ActiveCfg = Debug|Any CPU
		{9DC9DECE-FBB8-4081-B92A-1C8A7B6371F0}.Debug|Any CPU.Build.0 = Debug|Any CPU
		{9DC9DECE-FBB8-4081-B92A-1C8A7B6371F0}.Debug|x86.ActiveCfg = Debug|Any CPU
		{9DC9DECE-FBB8-4081-B92A-1C8A7B6371F0}.Debug|x86.Build.0 = Debug|Any CPU
		{9DC9DECE-FBB8-4081-B92A-1C8A7B6371F0}.ExcludeUI|Any CPU.ActiveCfg = Debug|Any CPU
		{9DC9DECE-FBB8-4081-B92A-1C8A7B6371F0}.ExcludeUI|Any CPU.Build.0 = Debug|Any CPU
		{9DC9DECE-FBB8-4081-B92A-1C8A7B6371F0}.ExcludeUI|x86.ActiveCfg = Release|Any CPU
		{9DC9DECE-FBB8-4081-B92A-1C8A7B6371F0}.ExcludeUI|x86.Build.0 = Release|Any CPU
		{9DC9DECE-FBB8-4081-B92A-1C8A7B6371F0}.Release|Any CPU.ActiveCfg = Release|Any CPU
		{9DC9DECE-FBB8-4081-B92A-1C8A7B6371F0}.Release|Any CPU.Build.0 = Release|Any CPU
		{9DC9DECE-FBB8-4081-B92A-1C8A7B6371F0}.Release|x86.ActiveCfg = Release|Any CPU
		{9DC9DECE-FBB8-4081-B92A-1C8A7B6371F0}.Release|x86.Build.0 = Release|Any CPU
		{C5F80730-F44F-4478-BDAE-6634EFC2CA88}.Debug|Any CPU.ActiveCfg = Debug|Win32
		{C5F80730-F44F-4478-BDAE-6634EFC2CA88}.Debug|x86.ActiveCfg = Debug|Win32
		{C5F80730-F44F-4478-BDAE-6634EFC2CA88}.Debug|x86.Build.0 = Debug|Win32
		{C5F80730-F44F-4478-BDAE-6634EFC2CA88}.ExcludeUI|Any CPU.ActiveCfg = Release|Win32
		{C5F80730-F44F-4478-BDAE-6634EFC2CA88}.ExcludeUI|Any CPU.Build.0 = Release|Win32
		{C5F80730-F44F-4478-BDAE-6634EFC2CA88}.ExcludeUI|x86.ActiveCfg = Release|Win32
		{C5F80730-F44F-4478-BDAE-6634EFC2CA88}.ExcludeUI|x86.Build.0 = Release|Win32
		{C5F80730-F44F-4478-BDAE-6634EFC2CA88}.Release|Any CPU.ActiveCfg = Release|Win32
		{C5F80730-F44F-4478-BDAE-6634EFC2CA88}.Release|x86.ActiveCfg = Release|Win32
		{C5F80730-F44F-4478-BDAE-6634EFC2CA88}.Release|x86.Build.0 = Release|Win32
		{4BD0A5B3-5138-4F87-9248-FA3F9E6AC3E1}.Debug|Any CPU.ActiveCfg = Debug|Any CPU
		{4BD0A5B3-5138-4F87-9248-FA3F9E6AC3E1}.Debug|Any CPU.Build.0 = Debug|Any CPU
		{4BD0A5B3-5138-4F87-9248-FA3F9E6AC3E1}.Debug|x86.ActiveCfg = Debug|Any CPU
		{4BD0A5B3-5138-4F87-9248-FA3F9E6AC3E1}.Debug|x86.Build.0 = Debug|Any CPU
		{4BD0A5B3-5138-4F87-9248-FA3F9E6AC3E1}.ExcludeUI|Any CPU.ActiveCfg = Release|Any CPU
		{4BD0A5B3-5138-4F87-9248-FA3F9E6AC3E1}.ExcludeUI|Any CPU.Build.0 = Release|Any CPU
		{4BD0A5B3-5138-4F87-9248-FA3F9E6AC3E1}.ExcludeUI|x86.ActiveCfg = Release|Any CPU
		{4BD0A5B3-5138-4F87-9248-FA3F9E6AC3E1}.ExcludeUI|x86.Build.0 = Release|Any CPU
		{4BD0A5B3-5138-4F87-9248-FA3F9E6AC3E1}.Release|Any CPU.ActiveCfg = Release|Any CPU
		{4BD0A5B3-5138-4F87-9248-FA3F9E6AC3E1}.Release|Any CPU.Build.0 = Release|Any CPU
		{4BD0A5B3-5138-4F87-9248-FA3F9E6AC3E1}.Release|x86.ActiveCfg = Release|Any CPU
		{4BD0A5B3-5138-4F87-9248-FA3F9E6AC3E1}.Release|x86.Build.0 = Release|Any CPU
		{1DF72FFD-E9A0-4EF9-A700-EC7A6CCD0176}.Debug|Any CPU.ActiveCfg = Debug|Any CPU
		{1DF72FFD-E9A0-4EF9-A700-EC7A6CCD0176}.Debug|Any CPU.Build.0 = Debug|Any CPU
		{1DF72FFD-E9A0-4EF9-A700-EC7A6CCD0176}.Debug|x86.ActiveCfg = Debug|Any CPU
		{1DF72FFD-E9A0-4EF9-A700-EC7A6CCD0176}.Debug|x86.Build.0 = Debug|Any CPU
		{1DF72FFD-E9A0-4EF9-A700-EC7A6CCD0176}.ExcludeUI|Any CPU.ActiveCfg = Release|Any CPU
		{1DF72FFD-E9A0-4EF9-A700-EC7A6CCD0176}.ExcludeUI|Any CPU.Build.0 = Release|Any CPU
		{1DF72FFD-E9A0-4EF9-A700-EC7A6CCD0176}.ExcludeUI|x86.ActiveCfg = Release|Any CPU
		{1DF72FFD-E9A0-4EF9-A700-EC7A6CCD0176}.ExcludeUI|x86.Build.0 = Release|Any CPU
		{1DF72FFD-E9A0-4EF9-A700-EC7A6CCD0176}.Release|Any CPU.ActiveCfg = Release|Any CPU
		{1DF72FFD-E9A0-4EF9-A700-EC7A6CCD0176}.Release|Any CPU.Build.0 = Release|Any CPU
		{1DF72FFD-E9A0-4EF9-A700-EC7A6CCD0176}.Release|x86.ActiveCfg = Release|Any CPU
		{1DF72FFD-E9A0-4EF9-A700-EC7A6CCD0176}.Release|x86.Build.0 = Release|Any CPU
		{2ADEDA9F-809A-41AB-ABB0-F03F908687D9}.Debug|Any CPU.ActiveCfg = Debug|Any CPU
		{2ADEDA9F-809A-41AB-ABB0-F03F908687D9}.Debug|Any CPU.Build.0 = Debug|Any CPU
		{2ADEDA9F-809A-41AB-ABB0-F03F908687D9}.Debug|x86.ActiveCfg = Debug|Any CPU
		{2ADEDA9F-809A-41AB-ABB0-F03F908687D9}.Debug|x86.Build.0 = Debug|Any CPU
		{2ADEDA9F-809A-41AB-ABB0-F03F908687D9}.ExcludeUI|Any CPU.ActiveCfg = Release|Any CPU
		{2ADEDA9F-809A-41AB-ABB0-F03F908687D9}.ExcludeUI|Any CPU.Build.0 = Release|Any CPU
		{2ADEDA9F-809A-41AB-ABB0-F03F908687D9}.ExcludeUI|x86.ActiveCfg = Release|Any CPU
		{2ADEDA9F-809A-41AB-ABB0-F03F908687D9}.ExcludeUI|x86.Build.0 = Release|Any CPU
		{2ADEDA9F-809A-41AB-ABB0-F03F908687D9}.Release|Any CPU.ActiveCfg = Release|Any CPU
		{2ADEDA9F-809A-41AB-ABB0-F03F908687D9}.Release|Any CPU.Build.0 = Release|Any CPU
		{2ADEDA9F-809A-41AB-ABB0-F03F908687D9}.Release|x86.ActiveCfg = Release|Any CPU
		{2ADEDA9F-809A-41AB-ABB0-F03F908687D9}.Release|x86.Build.0 = Release|Any CPU
		{01C6218E-A28F-47DD-BD72-6BE297BBB381}.Debug|Any CPU.ActiveCfg = Debug|Any CPU
		{01C6218E-A28F-47DD-BD72-6BE297BBB381}.Debug|Any CPU.Build.0 = Debug|Any CPU
		{01C6218E-A28F-47DD-BD72-6BE297BBB381}.Debug|x86.ActiveCfg = Debug|Any CPU
		{01C6218E-A28F-47DD-BD72-6BE297BBB381}.Debug|x86.Build.0 = Debug|Any CPU
		{01C6218E-A28F-47DD-BD72-6BE297BBB381}.ExcludeUI|Any CPU.ActiveCfg = Debug|Any CPU
		{01C6218E-A28F-47DD-BD72-6BE297BBB381}.ExcludeUI|Any CPU.Build.0 = Debug|Any CPU
		{01C6218E-A28F-47DD-BD72-6BE297BBB381}.ExcludeUI|x86.ActiveCfg = Debug|Any CPU
		{01C6218E-A28F-47DD-BD72-6BE297BBB381}.ExcludeUI|x86.Build.0 = Debug|Any CPU
		{01C6218E-A28F-47DD-BD72-6BE297BBB381}.Release|Any CPU.ActiveCfg = Release|Any CPU
		{01C6218E-A28F-47DD-BD72-6BE297BBB381}.Release|Any CPU.Build.0 = Release|Any CPU
		{01C6218E-A28F-47DD-BD72-6BE297BBB381}.Release|x86.ActiveCfg = Release|Any CPU
		{01C6218E-A28F-47DD-BD72-6BE297BBB381}.Release|x86.Build.0 = Release|Any CPU
		{3B041D87-8D29-4C46-90E4-1C3730DDB487}.Debug|Any CPU.ActiveCfg = Debug|Any CPU
		{3B041D87-8D29-4C46-90E4-1C3730DDB487}.Debug|Any CPU.Build.0 = Debug|Any CPU
		{3B041D87-8D29-4C46-90E4-1C3730DDB487}.Debug|x86.ActiveCfg = Debug|Any CPU
		{3B041D87-8D29-4C46-90E4-1C3730DDB487}.Debug|x86.Build.0 = Debug|Any CPU
		{3B041D87-8D29-4C46-90E4-1C3730DDB487}.ExcludeUI|Any CPU.ActiveCfg = Debug|Any CPU
		{3B041D87-8D29-4C46-90E4-1C3730DDB487}.ExcludeUI|Any CPU.Build.0 = Debug|Any CPU
		{3B041D87-8D29-4C46-90E4-1C3730DDB487}.ExcludeUI|x86.ActiveCfg = Debug|Any CPU
		{3B041D87-8D29-4C46-90E4-1C3730DDB487}.ExcludeUI|x86.Build.0 = Debug|Any CPU
		{3B041D87-8D29-4C46-90E4-1C3730DDB487}.Release|Any CPU.ActiveCfg = Release|Any CPU
		{3B041D87-8D29-4C46-90E4-1C3730DDB487}.Release|Any CPU.Build.0 = Release|Any CPU
		{3B041D87-8D29-4C46-90E4-1C3730DDB487}.Release|x86.ActiveCfg = Release|Any CPU
		{3B041D87-8D29-4C46-90E4-1C3730DDB487}.Release|x86.Build.0 = Release|Any CPU
		{DCE7D8B3-C69E-4273-A71B-2D4E917E63C5}.Debug|Any CPU.ActiveCfg = Debug|Any CPU
		{DCE7D8B3-C69E-4273-A71B-2D4E917E63C5}.Debug|Any CPU.Build.0 = Debug|Any CPU
		{DCE7D8B3-C69E-4273-A71B-2D4E917E63C5}.Debug|x86.ActiveCfg = Debug|Any CPU
		{DCE7D8B3-C69E-4273-A71B-2D4E917E63C5}.Debug|x86.Build.0 = Debug|Any CPU
		{DCE7D8B3-C69E-4273-A71B-2D4E917E63C5}.ExcludeUI|Any CPU.ActiveCfg = Debug|Any CPU
		{DCE7D8B3-C69E-4273-A71B-2D4E917E63C5}.ExcludeUI|Any CPU.Build.0 = Debug|Any CPU
		{DCE7D8B3-C69E-4273-A71B-2D4E917E63C5}.ExcludeUI|x86.ActiveCfg = Debug|Any CPU
		{DCE7D8B3-C69E-4273-A71B-2D4E917E63C5}.ExcludeUI|x86.Build.0 = Debug|Any CPU
		{DCE7D8B3-C69E-4273-A71B-2D4E917E63C5}.Release|Any CPU.ActiveCfg = Release|Any CPU
		{DCE7D8B3-C69E-4273-A71B-2D4E917E63C5}.Release|Any CPU.Build.0 = Release|Any CPU
		{DCE7D8B3-C69E-4273-A71B-2D4E917E63C5}.Release|x86.ActiveCfg = Release|Any CPU
		{DCE7D8B3-C69E-4273-A71B-2D4E917E63C5}.Release|x86.Build.0 = Release|Any CPU
		{15E05592-D22A-4724-A86F-E613B266D1DA}.Debug|Any CPU.ActiveCfg = Debug|Any CPU
		{15E05592-D22A-4724-A86F-E613B266D1DA}.Debug|Any CPU.Build.0 = Debug|Any CPU
		{15E05592-D22A-4724-A86F-E613B266D1DA}.Debug|x86.ActiveCfg = Debug|Any CPU
		{15E05592-D22A-4724-A86F-E613B266D1DA}.Debug|x86.Build.0 = Debug|Any CPU
		{15E05592-D22A-4724-A86F-E613B266D1DA}.ExcludeUI|Any CPU.ActiveCfg = Debug|Any CPU
		{15E05592-D22A-4724-A86F-E613B266D1DA}.ExcludeUI|Any CPU.Build.0 = Debug|Any CPU
		{15E05592-D22A-4724-A86F-E613B266D1DA}.ExcludeUI|x86.ActiveCfg = Debug|Any CPU
		{15E05592-D22A-4724-A86F-E613B266D1DA}.ExcludeUI|x86.Build.0 = Debug|Any CPU
		{15E05592-D22A-4724-A86F-E613B266D1DA}.Release|Any CPU.ActiveCfg = Release|Any CPU
		{15E05592-D22A-4724-A86F-E613B266D1DA}.Release|Any CPU.Build.0 = Release|Any CPU
		{15E05592-D22A-4724-A86F-E613B266D1DA}.Release|x86.ActiveCfg = Release|Any CPU
		{15E05592-D22A-4724-A86F-E613B266D1DA}.Release|x86.Build.0 = Release|Any CPU
		{6004D95E-EBB8-41D4-9706-08F94689F3E8}.Debug|Any CPU.ActiveCfg = Debug|Any CPU
		{6004D95E-EBB8-41D4-9706-08F94689F3E8}.Debug|Any CPU.Build.0 = Debug|Any CPU
		{6004D95E-EBB8-41D4-9706-08F94689F3E8}.Debug|x86.ActiveCfg = Debug|Any CPU
		{6004D95E-EBB8-41D4-9706-08F94689F3E8}.Debug|x86.Build.0 = Debug|Any CPU
		{6004D95E-EBB8-41D4-9706-08F94689F3E8}.ExcludeUI|Any CPU.ActiveCfg = Debug|Any CPU
		{6004D95E-EBB8-41D4-9706-08F94689F3E8}.ExcludeUI|Any CPU.Build.0 = Debug|Any CPU
		{6004D95E-EBB8-41D4-9706-08F94689F3E8}.ExcludeUI|x86.ActiveCfg = Debug|Any CPU
		{6004D95E-EBB8-41D4-9706-08F94689F3E8}.ExcludeUI|x86.Build.0 = Debug|Any CPU
		{6004D95E-EBB8-41D4-9706-08F94689F3E8}.Release|Any CPU.ActiveCfg = Release|Any CPU
		{6004D95E-EBB8-41D4-9706-08F94689F3E8}.Release|Any CPU.Build.0 = Release|Any CPU
		{6004D95E-EBB8-41D4-9706-08F94689F3E8}.Release|x86.ActiveCfg = Release|Any CPU
		{6004D95E-EBB8-41D4-9706-08F94689F3E8}.Release|x86.Build.0 = Release|Any CPU
		{796C30F2-9977-4862-BCF7-B1A1E9A7F8B9}.Debug|Any CPU.ActiveCfg = Debug|Any CPU
		{796C30F2-9977-4862-BCF7-B1A1E9A7F8B9}.Debug|Any CPU.Build.0 = Debug|Any CPU
		{796C30F2-9977-4862-BCF7-B1A1E9A7F8B9}.Debug|x86.ActiveCfg = Debug|Any CPU
		{796C30F2-9977-4862-BCF7-B1A1E9A7F8B9}.Debug|x86.Build.0 = Debug|Any CPU
		{796C30F2-9977-4862-BCF7-B1A1E9A7F8B9}.ExcludeUI|Any CPU.ActiveCfg = Release|Any CPU
		{796C30F2-9977-4862-BCF7-B1A1E9A7F8B9}.ExcludeUI|Any CPU.Build.0 = Release|Any CPU
		{796C30F2-9977-4862-BCF7-B1A1E9A7F8B9}.ExcludeUI|x86.ActiveCfg = Release|Any CPU
		{796C30F2-9977-4862-BCF7-B1A1E9A7F8B9}.ExcludeUI|x86.Build.0 = Release|Any CPU
		{796C30F2-9977-4862-BCF7-B1A1E9A7F8B9}.Release|Any CPU.ActiveCfg = Release|Any CPU
		{796C30F2-9977-4862-BCF7-B1A1E9A7F8B9}.Release|Any CPU.Build.0 = Release|Any CPU
		{796C30F2-9977-4862-BCF7-B1A1E9A7F8B9}.Release|x86.ActiveCfg = Release|Any CPU
		{796C30F2-9977-4862-BCF7-B1A1E9A7F8B9}.Release|x86.Build.0 = Release|Any CPU
		{A35F3D19-46F7-4E79-8E9A-6F49E7EE7F04}.Debug|Any CPU.ActiveCfg = Debug|Any CPU
		{A35F3D19-46F7-4E79-8E9A-6F49E7EE7F04}.Debug|Any CPU.Build.0 = Debug|Any CPU
		{A35F3D19-46F7-4E79-8E9A-6F49E7EE7F04}.Debug|x86.ActiveCfg = Debug|Any CPU
		{A35F3D19-46F7-4E79-8E9A-6F49E7EE7F04}.Debug|x86.Build.0 = Debug|Any CPU
		{A35F3D19-46F7-4E79-8E9A-6F49E7EE7F04}.ExcludeUI|Any CPU.ActiveCfg = Debug|Any CPU
		{A35F3D19-46F7-4E79-8E9A-6F49E7EE7F04}.ExcludeUI|Any CPU.Build.0 = Debug|Any CPU
		{A35F3D19-46F7-4E79-8E9A-6F49E7EE7F04}.ExcludeUI|x86.ActiveCfg = Debug|Any CPU
		{A35F3D19-46F7-4E79-8E9A-6F49E7EE7F04}.ExcludeUI|x86.Build.0 = Debug|Any CPU
		{A35F3D19-46F7-4E79-8E9A-6F49E7EE7F04}.Release|Any CPU.ActiveCfg = Release|Any CPU
		{A35F3D19-46F7-4E79-8E9A-6F49E7EE7F04}.Release|Any CPU.Build.0 = Release|Any CPU
		{A35F3D19-46F7-4E79-8E9A-6F49E7EE7F04}.Release|x86.ActiveCfg = Release|Any CPU
		{A35F3D19-46F7-4E79-8E9A-6F49E7EE7F04}.Release|x86.Build.0 = Release|Any CPU
	EndGlobalSection
	GlobalSection(SolutionProperties) = preSolution
		HideSolutionNode = FALSE
	EndGlobalSection
	GlobalSection(ExtensibilityGlobals) = postSolution
		SolutionGuid = {EF45A9CA-7AA3-41A5-A5E6-0A3260D09B27}
	EndGlobalSection
EndGlobal
